
Microsoft Visual Studio Solution File, Format Version 12.00
# Visual Studio 15
VisualStudioVersion = 15.0.27130.2027
MinimumVisualStudioVersion = 10.0.40219.1
Project("{D954291E-2A0B-460D-934E-DC6B0785DB48}") = "Auth0.OidcClient.Shared", "src\Auth0.OidcClient.Shared\Auth0.OidcClient.Shared.shproj", "{5D8121D2-4ED5-41B9-8B89-8A5CA8E851BA}"
EndProject
Project("{2150E333-8FDC-42A3-9474-1A3956D46DE8}") = "nuget", "nuget", "{3D6D8AA1-DD3D-4B0D-AEDF-A588704AFE09}"
	ProjectSection(SolutionItems) = preProject
		nuget\Auth0.OidcClient.Android.nuspec = nuget\Auth0.OidcClient.Android.nuspec
		nuget\Auth0.OidcClient.Core.nuspec = nuget\Auth0.OidcClient.Core.nuspec
		nuget\Auth0.OidcClient.iOS.nuspec = nuget\Auth0.OidcClient.iOS.nuspec
	EndProjectSection
EndProject
Project("{FAE04EC0-301F-11D3-BF4B-00C04F79EFBC}") = "Auth0.OidcClient.Android", "src\Auth0.OidcClient.Android\Auth0.OidcClient.Android.csproj", "{A18A146B-FB5A-4AB8-8F1C-501E58AA7D4D}"
EndProject
Project("{FAE04EC0-301F-11D3-BF4B-00C04F79EFBC}") = "Auth0.OidcClient.Xamarin.iOS", "src\Auth0.OidcClient.Xamarin.iOS\Auth0.OidcClient.Xamarin.iOS.csproj", "{D6CD228A-D8FA-4250-B770-CCC9CCD5698B}"
EndProject
Project("{FAE04EC0-301F-11D3-BF4B-00C04F79EFBC}") = "Auth0.OidcClient.Core", "src\Auth0.OidcClient.Core\Auth0.OidcClient.Core.csproj", "{1F79DB59-F3A8-45B7-972B-ECD15259D1C9}"
EndProject
Global
	GlobalSection(SharedMSBuildProjectFiles) = preSolution
		src\Auth0.OidcClient.Shared\Auth0.OidcClient.Shared.projitems*{34085d04-7e7b-4a5e-8377-d3995983919e}*SharedItemsImports = 4
		src\Auth0.OidcClient.Shared\Auth0.OidcClient.Shared.projitems*{5d8121d2-4ed5-41b9-8b89-8a5ca8e851ba}*SharedItemsImports = 13
		src\Auth0.OidcClient.Shared\Auth0.OidcClient.Shared.projitems*{5ffff5d6-d6df-4351-b58d-3311bd0671f7}*SharedItemsImports = 4
		src\Auth0.OidcClient.Shared\Auth0.OidcClient.Shared.projitems*{a18a146b-fb5a-4ab8-8f1c-501e58aa7d4d}*SharedItemsImports = 4
		src\Auth0.OidcClient.Shared\Auth0.OidcClient.Shared.projitems*{d6cd228a-d8fa-4250-b770-ccc9ccd5698b}*SharedItemsImports = 4
		src\Auth0.OidcClient.Shared\Auth0.OidcClient.Shared.projitems*{f5f9bbd8-0bc0-415c-9df1-d830699b00c4}*SharedItemsImports = 4
	EndGlobalSection
	GlobalSection(SolutionConfigurationPlatforms) = preSolution
		Ad-Hoc|Any CPU = Ad-Hoc|Any CPU
		Ad-Hoc|ARM = Ad-Hoc|ARM
		Ad-Hoc|iPhone = Ad-Hoc|iPhone
		Ad-Hoc|iPhoneSimulator = Ad-Hoc|iPhoneSimulator
		Ad-Hoc|x64 = Ad-Hoc|x64
		Ad-Hoc|x86 = Ad-Hoc|x86
		AppStore|Any CPU = AppStore|Any CPU
		AppStore|ARM = AppStore|ARM
		AppStore|iPhone = AppStore|iPhone
		AppStore|iPhoneSimulator = AppStore|iPhoneSimulator
		AppStore|x64 = AppStore|x64
		AppStore|x86 = AppStore|x86
		Debug|Any CPU = Debug|Any CPU
		Debug|ARM = Debug|ARM
		Debug|iPhone = Debug|iPhone
		Debug|iPhoneSimulator = Debug|iPhoneSimulator
		Debug|x64 = Debug|x64
		Debug|x86 = Debug|x86
		Release|Any CPU = Release|Any CPU
		Release|ARM = Release|ARM
		Release|iPhone = Release|iPhone
		Release|iPhoneSimulator = Release|iPhoneSimulator
		Release|x64 = Release|x64
		Release|x86 = Release|x86
	EndGlobalSection
	GlobalSection(ProjectConfigurationPlatforms) = postSolution
		{A18A146B-FB5A-4AB8-8F1C-501E58AA7D4D}.Ad-Hoc|Any CPU.ActiveCfg = Release|Any CPU
		{A18A146B-FB5A-4AB8-8F1C-501E58AA7D4D}.Ad-Hoc|Any CPU.Build.0 = Release|Any CPU
		{A18A146B-FB5A-4AB8-8F1C-501E58AA7D4D}.Ad-Hoc|ARM.ActiveCfg = Release|Any CPU
		{A18A146B-FB5A-4AB8-8F1C-501E58AA7D4D}.Ad-Hoc|ARM.Build.0 = Release|Any CPU
		{A18A146B-FB5A-4AB8-8F1C-501E58AA7D4D}.Ad-Hoc|iPhone.ActiveCfg = Release|Any CPU
		{A18A146B-FB5A-4AB8-8F1C-501E58AA7D4D}.Ad-Hoc|iPhone.Build.0 = Release|Any CPU
		{A18A146B-FB5A-4AB8-8F1C-501E58AA7D4D}.Ad-Hoc|iPhoneSimulator.ActiveCfg = Release|Any CPU
		{A18A146B-FB5A-4AB8-8F1C-501E58AA7D4D}.Ad-Hoc|iPhoneSimulator.Build.0 = Release|Any CPU
		{A18A146B-FB5A-4AB8-8F1C-501E58AA7D4D}.Ad-Hoc|x64.ActiveCfg = Release|Any CPU
		{A18A146B-FB5A-4AB8-8F1C-501E58AA7D4D}.Ad-Hoc|x64.Build.0 = Release|Any CPU
		{A18A146B-FB5A-4AB8-8F1C-501E58AA7D4D}.Ad-Hoc|x86.ActiveCfg = Release|Any CPU
		{A18A146B-FB5A-4AB8-8F1C-501E58AA7D4D}.Ad-Hoc|x86.Build.0 = Release|Any CPU
		{A18A146B-FB5A-4AB8-8F1C-501E58AA7D4D}.AppStore|Any CPU.ActiveCfg = Release|Any CPU
		{A18A146B-FB5A-4AB8-8F1C-501E58AA7D4D}.AppStore|Any CPU.Build.0 = Release|Any CPU
		{A18A146B-FB5A-4AB8-8F1C-501E58AA7D4D}.AppStore|ARM.ActiveCfg = Release|Any CPU
		{A18A146B-FB5A-4AB8-8F1C-501E58AA7D4D}.AppStore|ARM.Build.0 = Release|Any CPU
		{A18A146B-FB5A-4AB8-8F1C-501E58AA7D4D}.AppStore|iPhone.ActiveCfg = Release|Any CPU
		{A18A146B-FB5A-4AB8-8F1C-501E58AA7D4D}.AppStore|iPhone.Build.0 = Release|Any CPU
		{A18A146B-FB5A-4AB8-8F1C-501E58AA7D4D}.AppStore|iPhoneSimulator.ActiveCfg = Release|Any CPU
		{A18A146B-FB5A-4AB8-8F1C-501E58AA7D4D}.AppStore|iPhoneSimulator.Build.0 = Release|Any CPU
		{A18A146B-FB5A-4AB8-8F1C-501E58AA7D4D}.AppStore|x64.ActiveCfg = Release|Any CPU
		{A18A146B-FB5A-4AB8-8F1C-501E58AA7D4D}.AppStore|x64.Build.0 = Release|Any CPU
		{A18A146B-FB5A-4AB8-8F1C-501E58AA7D4D}.AppStore|x86.ActiveCfg = Release|Any CPU
		{A18A146B-FB5A-4AB8-8F1C-501E58AA7D4D}.AppStore|x86.Build.0 = Release|Any CPU
		{A18A146B-FB5A-4AB8-8F1C-501E58AA7D4D}.Debug|Any CPU.ActiveCfg = Debug|Any CPU
		{A18A146B-FB5A-4AB8-8F1C-501E58AA7D4D}.Debug|Any CPU.Build.0 = Debug|Any CPU
		{A18A146B-FB5A-4AB8-8F1C-501E58AA7D4D}.Debug|ARM.ActiveCfg = Debug|Any CPU
		{A18A146B-FB5A-4AB8-8F1C-501E58AA7D4D}.Debug|ARM.Build.0 = Debug|Any CPU
		{A18A146B-FB5A-4AB8-8F1C-501E58AA7D4D}.Debug|iPhone.ActiveCfg = Debug|Any CPU
		{A18A146B-FB5A-4AB8-8F1C-501E58AA7D4D}.Debug|iPhone.Build.0 = Debug|Any CPU
		{A18A146B-FB5A-4AB8-8F1C-501E58AA7D4D}.Debug|iPhoneSimulator.ActiveCfg = Debug|Any CPU
		{A18A146B-FB5A-4AB8-8F1C-501E58AA7D4D}.Debug|iPhoneSimulator.Build.0 = Debug|Any CPU
		{A18A146B-FB5A-4AB8-8F1C-501E58AA7D4D}.Debug|x64.ActiveCfg = Debug|Any CPU
		{A18A146B-FB5A-4AB8-8F1C-501E58AA7D4D}.Debug|x64.Build.0 = Debug|Any CPU
		{A18A146B-FB5A-4AB8-8F1C-501E58AA7D4D}.Debug|x86.ActiveCfg = Debug|Any CPU
		{A18A146B-FB5A-4AB8-8F1C-501E58AA7D4D}.Debug|x86.Build.0 = Debug|Any CPU
		{A18A146B-FB5A-4AB8-8F1C-501E58AA7D4D}.Release|Any CPU.ActiveCfg = Release|Any CPU
		{A18A146B-FB5A-4AB8-8F1C-501E58AA7D4D}.Release|Any CPU.Build.0 = Release|Any CPU
		{A18A146B-FB5A-4AB8-8F1C-501E58AA7D4D}.Release|ARM.ActiveCfg = Release|Any CPU
		{A18A146B-FB5A-4AB8-8F1C-501E58AA7D4D}.Release|ARM.Build.0 = Release|Any CPU
		{A18A146B-FB5A-4AB8-8F1C-501E58AA7D4D}.Release|iPhone.ActiveCfg = Release|Any CPU
		{A18A146B-FB5A-4AB8-8F1C-501E58AA7D4D}.Release|iPhone.Build.0 = Release|Any CPU
		{A18A146B-FB5A-4AB8-8F1C-501E58AA7D4D}.Release|iPhoneSimulator.ActiveCfg = Release|Any CPU
		{A18A146B-FB5A-4AB8-8F1C-501E58AA7D4D}.Release|iPhoneSimulator.Build.0 = Release|Any CPU
		{A18A146B-FB5A-4AB8-8F1C-501E58AA7D4D}.Release|x64.ActiveCfg = Release|Any CPU
		{A18A146B-FB5A-4AB8-8F1C-501E58AA7D4D}.Release|x64.Build.0 = Release|Any CPU
		{A18A146B-FB5A-4AB8-8F1C-501E58AA7D4D}.Release|x86.ActiveCfg = Release|Any CPU
		{A18A146B-FB5A-4AB8-8F1C-501E58AA7D4D}.Release|x86.Build.0 = Release|Any CPU
		{D6CD228A-D8FA-4250-B770-CCC9CCD5698B}.Ad-Hoc|Any CPU.ActiveCfg = Release|Any CPU
		{D6CD228A-D8FA-4250-B770-CCC9CCD5698B}.Ad-Hoc|Any CPU.Build.0 = Release|Any CPU
		{D6CD228A-D8FA-4250-B770-CCC9CCD5698B}.Ad-Hoc|ARM.ActiveCfg = Release|Any CPU
		{D6CD228A-D8FA-4250-B770-CCC9CCD5698B}.Ad-Hoc|ARM.Build.0 = Release|Any CPU
		{D6CD228A-D8FA-4250-B770-CCC9CCD5698B}.Ad-Hoc|iPhone.ActiveCfg = Release|Any CPU
		{D6CD228A-D8FA-4250-B770-CCC9CCD5698B}.Ad-Hoc|iPhone.Build.0 = Release|Any CPU
		{D6CD228A-D8FA-4250-B770-CCC9CCD5698B}.Ad-Hoc|iPhoneSimulator.ActiveCfg = Release|Any CPU
		{D6CD228A-D8FA-4250-B770-CCC9CCD5698B}.Ad-Hoc|iPhoneSimulator.Build.0 = Release|Any CPU
		{D6CD228A-D8FA-4250-B770-CCC9CCD5698B}.Ad-Hoc|x64.ActiveCfg = Release|Any CPU
		{D6CD228A-D8FA-4250-B770-CCC9CCD5698B}.Ad-Hoc|x64.Build.0 = Release|Any CPU
		{D6CD228A-D8FA-4250-B770-CCC9CCD5698B}.Ad-Hoc|x86.ActiveCfg = Release|Any CPU
		{D6CD228A-D8FA-4250-B770-CCC9CCD5698B}.Ad-Hoc|x86.Build.0 = Release|Any CPU
		{D6CD228A-D8FA-4250-B770-CCC9CCD5698B}.AppStore|Any CPU.ActiveCfg = Release|Any CPU
		{D6CD228A-D8FA-4250-B770-CCC9CCD5698B}.AppStore|Any CPU.Build.0 = Release|Any CPU
		{D6CD228A-D8FA-4250-B770-CCC9CCD5698B}.AppStore|ARM.ActiveCfg = Release|Any CPU
		{D6CD228A-D8FA-4250-B770-CCC9CCD5698B}.AppStore|ARM.Build.0 = Release|Any CPU
		{D6CD228A-D8FA-4250-B770-CCC9CCD5698B}.AppStore|iPhone.ActiveCfg = Release|Any CPU
		{D6CD228A-D8FA-4250-B770-CCC9CCD5698B}.AppStore|iPhone.Build.0 = Release|Any CPU
		{D6CD228A-D8FA-4250-B770-CCC9CCD5698B}.AppStore|iPhoneSimulator.ActiveCfg = Release|Any CPU
		{D6CD228A-D8FA-4250-B770-CCC9CCD5698B}.AppStore|iPhoneSimulator.Build.0 = Release|Any CPU
		{D6CD228A-D8FA-4250-B770-CCC9CCD5698B}.AppStore|x64.ActiveCfg = Release|Any CPU
		{D6CD228A-D8FA-4250-B770-CCC9CCD5698B}.AppStore|x64.Build.0 = Release|Any CPU
		{D6CD228A-D8FA-4250-B770-CCC9CCD5698B}.AppStore|x86.ActiveCfg = Release|Any CPU
		{D6CD228A-D8FA-4250-B770-CCC9CCD5698B}.AppStore|x86.Build.0 = Release|Any CPU
		{D6CD228A-D8FA-4250-B770-CCC9CCD5698B}.Debug|Any CPU.ActiveCfg = Debug|Any CPU
		{D6CD228A-D8FA-4250-B770-CCC9CCD5698B}.Debug|Any CPU.Build.0 = Debug|Any CPU
		{D6CD228A-D8FA-4250-B770-CCC9CCD5698B}.Debug|ARM.ActiveCfg = Debug|Any CPU
		{D6CD228A-D8FA-4250-B770-CCC9CCD5698B}.Debug|ARM.Build.0 = Debug|Any CPU
		{D6CD228A-D8FA-4250-B770-CCC9CCD5698B}.Debug|iPhone.ActiveCfg = Debug|Any CPU
		{D6CD228A-D8FA-4250-B770-CCC9CCD5698B}.Debug|iPhone.Build.0 = Debug|Any CPU
		{D6CD228A-D8FA-4250-B770-CCC9CCD5698B}.Debug|iPhoneSimulator.ActiveCfg = Debug|Any CPU
		{D6CD228A-D8FA-4250-B770-CCC9CCD5698B}.Debug|iPhoneSimulator.Build.0 = Debug|Any CPU
		{D6CD228A-D8FA-4250-B770-CCC9CCD5698B}.Debug|x64.ActiveCfg = Debug|Any CPU
		{D6CD228A-D8FA-4250-B770-CCC9CCD5698B}.Debug|x64.Build.0 = Debug|Any CPU
		{D6CD228A-D8FA-4250-B770-CCC9CCD5698B}.Debug|x86.ActiveCfg = Debug|Any CPU
		{D6CD228A-D8FA-4250-B770-CCC9CCD5698B}.Debug|x86.Build.0 = Debug|Any CPU
		{D6CD228A-D8FA-4250-B770-CCC9CCD5698B}.Release|Any CPU.ActiveCfg = Release|Any CPU
		{D6CD228A-D8FA-4250-B770-CCC9CCD5698B}.Release|Any CPU.Build.0 = Release|Any CPU
		{D6CD228A-D8FA-4250-B770-CCC9CCD5698B}.Release|ARM.ActiveCfg = Release|Any CPU
		{D6CD228A-D8FA-4250-B770-CCC9CCD5698B}.Release|ARM.Build.0 = Release|Any CPU
		{D6CD228A-D8FA-4250-B770-CCC9CCD5698B}.Release|iPhone.ActiveCfg = Release|Any CPU
		{D6CD228A-D8FA-4250-B770-CCC9CCD5698B}.Release|iPhone.Build.0 = Release|Any CPU
		{D6CD228A-D8FA-4250-B770-CCC9CCD5698B}.Release|iPhoneSimulator.ActiveCfg = Release|Any CPU
		{D6CD228A-D8FA-4250-B770-CCC9CCD5698B}.Release|iPhoneSimulator.Build.0 = Release|Any CPU
		{D6CD228A-D8FA-4250-B770-CCC9CCD5698B}.Release|x64.ActiveCfg = Release|Any CPU
		{D6CD228A-D8FA-4250-B770-CCC9CCD5698B}.Release|x64.Build.0 = Release|Any CPU
		{D6CD228A-D8FA-4250-B770-CCC9CCD5698B}.Release|x86.ActiveCfg = Release|Any CPU
		{D6CD228A-D8FA-4250-B770-CCC9CCD5698B}.Release|x86.Build.0 = Release|Any CPU
		{1F79DB59-F3A8-45B7-972B-ECD15259D1C9}.Ad-Hoc|Any CPU.ActiveCfg = Debug|Any CPU
		{1F79DB59-F3A8-45B7-972B-ECD15259D1C9}.Ad-Hoc|Any CPU.Build.0 = Debug|Any CPU
		{1F79DB59-F3A8-45B7-972B-ECD15259D1C9}.Ad-Hoc|ARM.ActiveCfg = Debug|Any CPU
		{1F79DB59-F3A8-45B7-972B-ECD15259D1C9}.Ad-Hoc|ARM.Build.0 = Debug|Any CPU
		{1F79DB59-F3A8-45B7-972B-ECD15259D1C9}.Ad-Hoc|iPhone.ActiveCfg = Debug|Any CPU
		{1F79DB59-F3A8-45B7-972B-ECD15259D1C9}.Ad-Hoc|iPhone.Build.0 = Debug|Any CPU
		{1F79DB59-F3A8-45B7-972B-ECD15259D1C9}.Ad-Hoc|iPhoneSimulator.ActiveCfg = Debug|Any CPU
		{1F79DB59-F3A8-45B7-972B-ECD15259D1C9}.Ad-Hoc|iPhoneSimulator.Build.0 = Debug|Any CPU
		{1F79DB59-F3A8-45B7-972B-ECD15259D1C9}.Ad-Hoc|x64.ActiveCfg = Debug|Any CPU
		{1F79DB59-F3A8-45B7-972B-ECD15259D1C9}.Ad-Hoc|x64.Build.0 = Debug|Any CPU
		{1F79DB59-F3A8-45B7-972B-ECD15259D1C9}.Ad-Hoc|x86.ActiveCfg = Debug|Any CPU
		{1F79DB59-F3A8-45B7-972B-ECD15259D1C9}.Ad-Hoc|x86.Build.0 = Debug|Any CPU
		{1F79DB59-F3A8-45B7-972B-ECD15259D1C9}.AppStore|Any CPU.ActiveCfg = Debug|Any CPU
		{1F79DB59-F3A8-45B7-972B-ECD15259D1C9}.AppStore|Any CPU.Build.0 = Debug|Any CPU
		{1F79DB59-F3A8-45B7-972B-ECD15259D1C9}.AppStore|ARM.ActiveCfg = Debug|Any CPU
		{1F79DB59-F3A8-45B7-972B-ECD15259D1C9}.AppStore|ARM.Build.0 = Debug|Any CPU
		{1F79DB59-F3A8-45B7-972B-ECD15259D1C9}.AppStore|iPhone.ActiveCfg = Debug|Any CPU
		{1F79DB59-F3A8-45B7-972B-ECD15259D1C9}.AppStore|iPhone.Build.0 = Debug|Any CPU
		{1F79DB59-F3A8-45B7-972B-ECD15259D1C9}.AppStore|iPhoneSimulator.ActiveCfg = Debug|Any CPU
		{1F79DB59-F3A8-45B7-972B-ECD15259D1C9}.AppStore|iPhoneSimulator.Build.0 = Debug|Any CPU
		{1F79DB59-F3A8-45B7-972B-ECD15259D1C9}.AppStore|x64.ActiveCfg = Debug|Any CPU
		{1F79DB59-F3A8-45B7-972B-ECD15259D1C9}.AppStore|x64.Build.0 = Debug|Any CPU
		{1F79DB59-F3A8-45B7-972B-ECD15259D1C9}.AppStore|x86.ActiveCfg = Debug|Any CPU
		{1F79DB59-F3A8-45B7-972B-ECD15259D1C9}.AppStore|x86.Build.0 = Debug|Any CPU
		{1F79DB59-F3A8-45B7-972B-ECD15259D1C9}.Debug|Any CPU.ActiveCfg = Debug|Any CPU
		{1F79DB59-F3A8-45B7-972B-ECD15259D1C9}.Debug|Any CPU.Build.0 = Debug|Any CPU
		{1F79DB59-F3A8-45B7-972B-ECD15259D1C9}.Debug|ARM.ActiveCfg = Debug|Any CPU
		{1F79DB59-F3A8-45B7-972B-ECD15259D1C9}.Debug|ARM.Build.0 = Debug|Any CPU
		{1F79DB59-F3A8-45B7-972B-ECD15259D1C9}.Debug|iPhone.ActiveCfg = Debug|Any CPU
		{1F79DB59-F3A8-45B7-972B-ECD15259D1C9}.Debug|iPhone.Build.0 = Debug|Any CPU
		{1F79DB59-F3A8-45B7-972B-ECD15259D1C9}.Debug|iPhoneSimulator.ActiveCfg = Debug|Any CPU
		{1F79DB59-F3A8-45B7-972B-ECD15259D1C9}.Debug|iPhoneSimulator.Build.0 = Debug|Any CPU
		{1F79DB59-F3A8-45B7-972B-ECD15259D1C9}.Debug|x64.ActiveCfg = Debug|Any CPU
		{1F79DB59-F3A8-45B7-972B-ECD15259D1C9}.Debug|x64.Build.0 = Debug|Any CPU
		{1F79DB59-F3A8-45B7-972B-ECD15259D1C9}.Debug|x86.ActiveCfg = Debug|Any CPU
		{1F79DB59-F3A8-45B7-972B-ECD15259D1C9}.Debug|x86.Build.0 = Debug|Any CPU
		{1F79DB59-F3A8-45B7-972B-ECD15259D1C9}.Release|Any CPU.ActiveCfg = Release|Any CPU
		{1F79DB59-F3A8-45B7-972B-ECD15259D1C9}.Release|Any CPU.Build.0 = Release|Any CPU
		{1F79DB59-F3A8-45B7-972B-ECD15259D1C9}.Release|ARM.ActiveCfg = Release|Any CPU
		{1F79DB59-F3A8-45B7-972B-ECD15259D1C9}.Release|ARM.Build.0 = Release|Any CPU
		{1F79DB59-F3A8-45B7-972B-ECD15259D1C9}.Release|iPhone.ActiveCfg = Release|Any CPU
		{1F79DB59-F3A8-45B7-972B-ECD15259D1C9}.Release|iPhone.Build.0 = Release|Any CPU
		{1F79DB59-F3A8-45B7-972B-ECD15259D1C9}.Release|iPhoneSimulator.ActiveCfg = Release|Any CPU
		{1F79DB59-F3A8-45B7-972B-ECD15259D1C9}.Release|iPhoneSimulator.Build.0 = Release|Any CPU
		{1F79DB59-F3A8-45B7-972B-ECD15259D1C9}.Release|x64.ActiveCfg = Release|Any CPU
		{1F79DB59-F3A8-45B7-972B-ECD15259D1C9}.Release|x64.Build.0 = Release|Any CPU
		{1F79DB59-F3A8-45B7-972B-ECD15259D1C9}.Release|x86.ActiveCfg = Release|Any CPU
		{1F79DB59-F3A8-45B7-972B-ECD15259D1C9}.Release|x86.Build.0 = Release|Any CPU
	EndGlobalSection
	GlobalSection(SolutionProperties) = preSolution
		HideSolutionNode = FALSE
	EndGlobalSection
	GlobalSection(NestedProjects) = preSolution
	EndGlobalSection
	GlobalSection(ExtensibilityGlobals) = postSolution
		SolutionGuid = {12B26EAA-80AA-4E1B-8C76-A4747C72C804}
	EndGlobalSection
EndGlobal
